
Microsoft Visual Studio Solution File, Format Version 12.00
# Visual Studio Version 16
VisualStudioVersion = 16.0.29613.14
MinimumVisualStudioVersion = 10.0.40219.1
Project("{FAE04EC0-301F-11D3-BF4B-00C04F79EFBC}") = "JVNM", "JVNM\JVNM.csproj", "{D8E2E3AC-AF9E-49C4-B500-4C992F2523FD}"
EndProject
Project("{FAE04EC0-301F-11D3-BF4B-00C04F79EFBC}") = "UnitTests", "UnitTests\UnitTests.csproj", "{A8EB1391-B4AA-45CD-BAF4-B27D85960667}"
EndProject
Global
	GlobalSection(SolutionConfigurationPlatforms) = preSolution
		Debug|Any CPU = Debug|Any CPU
		Release|Any CPU = Release|Any CPU
	EndGlobalSection
	GlobalSection(ProjectConfigurationPlatforms) = postSolution
		{D8E2E3AC-AF9E-49C4-B500-4C992F2523FD}.Debug|Any CPU.ActiveCfg = Debug|Any CPU
		{D8E2E3AC-AF9E-49C4-B500-4C992F2523FD}.Debug|Any CPU.Build.0 = Debug|Any CPU
		{D8E2E3AC-AF9E-49C4-B500-4C992F2523FD}.Release|Any CPU.ActiveCfg = Release|Any CPU
		{D8E2E3AC-AF9E-49C4-B500-4C992F2523FD}.Release|Any CPU.Build.0 = Release|Any CPU
		{A8EB1391-B4AA-45CD-BAF4-B27D85960667}.Debug|Any CPU.ActiveCfg = Debug|Any CPU
		{A8EB1391-B4AA-45CD-BAF4-B27D85960667}.Debug|Any CPU.Build.0 = Debug|Any CPU
		{A8EB1391-B4AA-45CD-BAF4-B27D85960667}.Release|Any CPU.ActiveCfg = Release|Any CPU
		{A8EB1391-B4AA-45CD-BAF4-B27D85960667}.Release|Any CPU.Build.0 = Release|Any CPU
	EndGlobalSection
	GlobalSection(SolutionProperties) = preSolution
		HideSolutionNode = FALSE
	EndGlobalSection
	GlobalSection(ExtensibilityGlobals) = postSolution
		SolutionGuid = {1402003D-D7DE-45A6-881B-5DF722293A55}
	EndGlobalSection
EndGlobal
